
Microsoft Visual Studio Solution File, Format Version 12.00
# Visual Studio Version 16
VisualStudioVersion = 16.0.30517.126
MinimumVisualStudioVersion = 10.0.40219.1
Project("{FAE04EC0-301F-11D3-BF4B-00C04F79EFBC}") = "EntityFrameworkDemo", "EntityFrameworkDemo\EntityFrameworkDemo.csproj", "{143FCB18-F517-4EF8-8418-F4058F29517F}"
EndProject
Project("{FAE04EC0-301F-11D3-BF4B-00C04F79EFBC}") = "StoredProceduresWithEF", "StoredProceduresWithEF\StoredProceduresWithEF.csproj", "{920EA2B3-5FDD-4226-AFD6-0AA3073A0C93}"
EndProject
Project("{FAE04EC0-301F-11D3-BF4B-00C04F79EFBC}") = "StoredProceduresWithEFCodeFirstApproach", "StoredProceduresWithEFCodeFirstApproach\StoredProceduresWithEFCodeFirstApproach.csproj", "{48202323-1C91-4DF5-9B8F-F829B0C3F7E2}"
EndProject
Project("{FAE04EC0-301F-11D3-BF4B-00C04F79EFBC}") = "EntitySplittingWithDBFirst", "EntitySplittingWithDBFirst\EntitySplittingWithDBFirst.csproj", "{4A8D5876-410E-407E-920C-317CE5ABBEF1}"
EndProject
Project("{FAE04EC0-301F-11D3-BF4B-00C04F79EFBC}") = "EntitySplittingWithCodeFirst", "EntitySplittingWithCodeFirst\EntitySplittingWithCodeFirst.csproj", "{60C91D4A-FCAA-464F-A418-298909260A13}"
EndProject
Project("{FAE04EC0-301F-11D3-BF4B-00C04F79EFBC}") = "TableSplittingWithDBFirst", "TableSplittingWithDBFirst\TableSplittingWithDBFirst.csproj", "{48713192-1386-4A78-B071-F0E69CCE4AB0}"
EndProject
Project("{FAE04EC0-301F-11D3-BF4B-00C04F79EFBC}") = "TableSplittingWithCodeFirst", "TableSplittingWithCodeFirst\TableSplittingWithCodeFirst.csproj", "{368A2C7C-0A48-45EE-BF69-3045D22C59B0}"
EndProject
Project("{FAE04EC0-301F-11D3-BF4B-00C04F79EFBC}") = "SelfReferencingAssociationWithDBFirst", "SelfReferencingAssociationWithDBFirst\SelfReferencingAssociationWithDBFirst.csproj", "{43612FBA-3331-4A9F-96DE-42639CF87E3C}"
EndProject
Project("{FAE04EC0-301F-11D3-BF4B-00C04F79EFBC}") = "TablePerHierarchyInheritanceWithDbFirst", "TablePerHierarchyInheritanceWithDbFirst\TablePerHierarchyInheritanceWithDbFirst.csproj", "{0A79C55E-DBAB-4EEA-89D8-543806CD56C3}"
EndProject
Project("{FAE04EC0-301F-11D3-BF4B-00C04F79EFBC}") = "TablePerHierarchyInheritanceWithCodeFirst", "TablePerHierarchyInheritanceWithCodeFirst\TablePerHierarchyInheritanceWithCodeFirst.csproj", "{B0C58088-9A72-4546-95CA-7EC0C1FA0908}"
EndProject
Project("{FAE04EC0-301F-11D3-BF4B-00C04F79EFBC}") = "ManyToManyRelationships", "ManyToManyRelationships\ManyToManyRelationships.csproj", "{437C11B2-1A70-4BBD-803C-AF201A1EDB82}"
EndProject
Global
	GlobalSection(SolutionConfigurationPlatforms) = preSolution
		Debug|Any CPU = Debug|Any CPU
		Release|Any CPU = Release|Any CPU
	EndGlobalSection
	GlobalSection(ProjectConfigurationPlatforms) = postSolution
		{143FCB18-F517-4EF8-8418-F4058F29517F}.Debug|Any CPU.ActiveCfg = Debug|Any CPU
		{143FCB18-F517-4EF8-8418-F4058F29517F}.Debug|Any CPU.Build.0 = Debug|Any CPU
		{143FCB18-F517-4EF8-8418-F4058F29517F}.Release|Any CPU.ActiveCfg = Release|Any CPU
		{143FCB18-F517-4EF8-8418-F4058F29517F}.Release|Any CPU.Build.0 = Release|Any CPU
		{920EA2B3-5FDD-4226-AFD6-0AA3073A0C93}.Debug|Any CPU.ActiveCfg = Debug|Any CPU
		{920EA2B3-5FDD-4226-AFD6-0AA3073A0C93}.Debug|Any CPU.Build.0 = Debug|Any CPU
		{920EA2B3-5FDD-4226-AFD6-0AA3073A0C93}.Release|Any CPU.ActiveCfg = Release|Any CPU
		{920EA2B3-5FDD-4226-AFD6-0AA3073A0C93}.Release|Any CPU.Build.0 = Release|Any CPU
		{48202323-1C91-4DF5-9B8F-F829B0C3F7E2}.Debug|Any CPU.ActiveCfg = Debug|Any CPU
		{48202323-1C91-4DF5-9B8F-F829B0C3F7E2}.Debug|Any CPU.Build.0 = Debug|Any CPU
		{48202323-1C91-4DF5-9B8F-F829B0C3F7E2}.Release|Any CPU.ActiveCfg = Release|Any CPU
		{48202323-1C91-4DF5-9B8F-F829B0C3F7E2}.Release|Any CPU.Build.0 = Release|Any CPU
		{4A8D5876-410E-407E-920C-317CE5ABBEF1}.Debug|Any CPU.ActiveCfg = Debug|Any CPU
		{4A8D5876-410E-407E-920C-317CE5ABBEF1}.Debug|Any CPU.Build.0 = Debug|Any CPU
		{4A8D5876-410E-407E-920C-317CE5ABBEF1}.Release|Any CPU.ActiveCfg = Release|Any CPU
		{4A8D5876-410E-407E-920C-317CE5ABBEF1}.Release|Any CPU.Build.0 = Release|Any CPU
		{60C91D4A-FCAA-464F-A418-298909260A13}.Debug|Any CPU.ActiveCfg = Debug|Any CPU
		{60C91D4A-FCAA-464F-A418-298909260A13}.Debug|Any CPU.Build.0 = Debug|Any CPU
		{60C91D4A-FCAA-464F-A418-298909260A13}.Release|Any CPU.ActiveCfg = Release|Any CPU
		{60C91D4A-FCAA-464F-A418-298909260A13}.Release|Any CPU.Build.0 = Release|Any CPU
		{48713192-1386-4A78-B071-F0E69CCE4AB0}.Debug|Any CPU.ActiveCfg = Debug|Any CPU
		{48713192-1386-4A78-B071-F0E69CCE4AB0}.Debug|Any CPU.Build.0 = Debug|Any CPU
		{48713192-1386-4A78-B071-F0E69CCE4AB0}.Release|Any CPU.ActiveCfg = Release|Any CPU
		{48713192-1386-4A78-B071-F0E69CCE4AB0}.Release|Any CPU.Build.0 = Release|Any CPU
		{368A2C7C-0A48-45EE-BF69-3045D22C59B0}.Debug|Any CPU.ActiveCfg = Debug|Any CPU
		{368A2C7C-0A48-45EE-BF69-3045D22C59B0}.Debug|Any CPU.Build.0 = Debug|Any CPU
		{368A2C7C-0A48-45EE-BF69-3045D22C59B0}.Release|Any CPU.ActiveCfg = Release|Any CPU
		{368A2C7C-0A48-45EE-BF69-3045D22C59B0}.Release|Any CPU.Build.0 = Release|Any CPU
		{43612FBA-3331-4A9F-96DE-42639CF87E3C}.Debug|Any CPU.ActiveCfg = Debug|Any CPU
		{43612FBA-3331-4A9F-96DE-42639CF87E3C}.Debug|Any CPU.Build.0 = Debug|Any CPU
		{43612FBA-3331-4A9F-96DE-42639CF87E3C}.Release|Any CPU.ActiveCfg = Release|Any CPU
		{43612FBA-3331-4A9F-96DE-42639CF87E3C}.Release|Any CPU.Build.0 = Release|Any CPU
		{0A79C55E-DBAB-4EEA-89D8-543806CD56C3}.Debug|Any CPU.ActiveCfg = Debug|Any CPU
		{0A79C55E-DBAB-4EEA-89D8-543806CD56C3}.Debug|Any CPU.Build.0 = Debug|Any CPU
		{0A79C55E-DBAB-4EEA-89D8-543806CD56C3}.Release|Any CPU.ActiveCfg = Release|Any CPU
		{0A79C55E-DBAB-4EEA-89D8-543806CD56C3}.Release|Any CPU.Build.0 = Release|Any CPU
		{B0C58088-9A72-4546-95CA-7EC0C1FA0908}.Debug|Any CPU.ActiveCfg = Debug|Any CPU
		{B0C58088-9A72-4546-95CA-7EC0C1FA0908}.Debug|Any CPU.Build.0 = Debug|Any CPU
		{B0C58088-9A72-4546-95CA-7EC0C1FA0908}.Release|Any CPU.ActiveCfg = Release|Any CPU
		{B0C58088-9A72-4546-95CA-7EC0C1FA0908}.Release|Any CPU.Build.0 = Release|Any CPU
		{437C11B2-1A70-4BBD-803C-AF201A1EDB82}.Debug|Any CPU.ActiveCfg = Debug|Any CPU
		{437C11B2-1A70-4BBD-803C-AF201A1EDB82}.Debug|Any CPU.Build.0 = Debug|Any CPU
		{437C11B2-1A70-4BBD-803C-AF201A1EDB82}.Release|Any CPU.ActiveCfg = Release|Any CPU
		{437C11B2-1A70-4BBD-803C-AF201A1EDB82}.Release|Any CPU.Build.0 = Release|Any CPU
	EndGlobalSection
	GlobalSection(SolutionProperties) = preSolution
		HideSolutionNode = FALSE
	EndGlobalSection
	GlobalSection(ExtensibilityGlobals) = postSolution
		SolutionGuid = {B0DFC61C-420C-4854-9EFC-2F1D7960F445}
	EndGlobalSection
EndGlobal
